
Microsoft Visual Studio Solution File, Format Version 10.00
# Visual Studio 2008
Project("{FAE04EC0-301F-11D3-BF4B-00C04F79EFBC}") = "SourcePlugins.Firebird", "SourcePlugins.Firebird\SourcePlugins.Firebird.csproj", "{3D49C0E8-4B17-4A24-A971-2642D4725685}"
EndProject
Project("{FAE04EC0-301F-11D3-BF4B-00C04F79EFBC}") = "SourcePlugins.MySQL", "SourcePlugins.MySQL\SourcePlugins.MySQL.csproj", "{75D5C179-7802-4781-AADC-47F2600E9F2E}"
EndProject
Project("{FAE04EC0-301F-11D3-BF4B-00C04F79EFBC}") = "SourcePlugins.PostgreSQL", "SourcePlugins.PostgreSQL\SourcePlugins.PostgreSQL.csproj", "{142518FB-C082-4BE7-88F5-67B4FADCA407}"
EndProject
Project("{FAE04EC0-301F-11D3-BF4B-00C04F79EFBC}") = "SourcePlugins.SQLite", "SourcePlugins.SQLite\SourcePlugins.SQLite.csproj", "{C31F674F-44BF-4E61-B5D6-438EB44C1176}"
EndProject
Project("{2150E333-8FDC-42A3-9474-1A3956D46DE8}") = "Resources", "Resources", "{472DFD77-4831-4FA6-B557-0B77128F3596}"
	ProjectSection(SolutionItems) = preProject
		Resources\Metadrone.exe = Resources\Metadrone.exe
	EndProjectSection
EndProject
Global
	GlobalSection(SubversionScc) = preSolution
		Svn-Managed = True
		Manager = AnkhSVN - Subversion Support for Visual Studio
	EndGlobalSection
	GlobalSection(SolutionConfigurationPlatforms) = preSolution
		Debug|Any CPU = Debug|Any CPU
		Release|Any CPU = Release|Any CPU
	EndGlobalSection
	GlobalSection(ProjectConfigurationPlatforms) = postSolution
		{3D49C0E8-4B17-4A24-A971-2642D4725685}.Debug|Any CPU.ActiveCfg = Debug|Any CPU
		{3D49C0E8-4B17-4A24-A971-2642D4725685}.Debug|Any CPU.Build.0 = Debug|Any CPU
		{3D49C0E8-4B17-4A24-A971-2642D4725685}.Release|Any CPU.ActiveCfg = Release|Any CPU
		{3D49C0E8-4B17-4A24-A971-2642D4725685}.Release|Any CPU.Build.0 = Release|Any CPU
		{75D5C179-7802-4781-AADC-47F2600E9F2E}.Debug|Any CPU.ActiveCfg = Debug|Any CPU
		{75D5C179-7802-4781-AADC-47F2600E9F2E}.Debug|Any CPU.Build.0 = Debug|Any CPU
		{75D5C179-7802-4781-AADC-47F2600E9F2E}.Release|Any CPU.ActiveCfg = Release|Any CPU
		{75D5C179-7802-4781-AADC-47F2600E9F2E}.Release|Any CPU.Build.0 = Release|Any CPU
		{142518FB-C082-4BE7-88F5-67B4FADCA407}.Debug|Any CPU.ActiveCfg = Debug|Any CPU
		{142518FB-C082-4BE7-88F5-67B4FADCA407}.Debug|Any CPU.Build.0 = Debug|Any CPU
		{142518FB-C082-4BE7-88F5-67B4FADCA407}.Release|Any CPU.ActiveCfg = Release|Any CPU
		{142518FB-C082-4BE7-88F5-67B4FADCA407}.Release|Any CPU.Build.0 = Release|Any CPU
		{C31F674F-44BF-4E61-B5D6-438EB44C1176}.Debug|Any CPU.ActiveCfg = Debug|Any CPU
		{C31F674F-44BF-4E61-B5D6-438EB44C1176}.Debug|Any CPU.Build.0 = Debug|Any CPU
		{C31F674F-44BF-4E61-B5D6-438EB44C1176}.Release|Any CPU.ActiveCfg = Release|Any CPU
		{C31F674F-44BF-4E61-B5D6-438EB44C1176}.Release|Any CPU.Build.0 = Release|Any CPU
	EndGlobalSection
	GlobalSection(SolutionProperties) = preSolution
		HideSolutionNode = FALSE
	EndGlobalSection
EndGlobal
